# Modbit error-contract lock. Generated by tools/modbitgen. DO NOT EDIT.
#
# One line per error code: <code> <sha256 of wire-visible semantics>.
# The digest covers http_status, retryable, and the sorted detail-key allowlist. It deliberately
# excludes the description, which is prose and may be improved.
#
# Adding a code appends a line. Removing or altering one is a breaking change to every peer and to
# every audit record already carrying the old semantics: it requires a new API major version and an
# approved ADR, then a regenerated lock.
MODBIT_ADEQUACY_THRESHOLD_FAILED 2cc06bb2780e1e3e5ee8069d0748576392f0b98880a4a7350b17ecc8b01de48e
MODBIT_APPROVAL_DENIED b0687a2c482fb20bf4d8e694d195282beb04f9c19e705a64a1f8fc2444cd33ca
MODBIT_APPROVAL_INVALIDATED 6df45f07db06940f6f612a51b67d3be59acf2a63e7e4bbd386d006cba0d4003b
MODBIT_APPROVAL_REQUIRED 05e667b7d12c21cd9a16bf95489184511402dda5b9789929e3639e43fd5b0f06
MODBIT_BUDGET_EXHAUSTED 9f5798b8df42598bca2e15be3a407ac3b4a6937fb18924d321c40e86d5cad926
MODBIT_CANARY_HOLD 10535d2d11e2afc70ef285031f427201d7fef932824ea845e3b7455430af48b4
MODBIT_CANCELLED be6f58eb1e3035ae078a34813975788581640991b54ffa11140924ed73164b81
MODBIT_CAPABILITY_UNAVAILABLE 7218bfb8f7a8a4707847a67be3b608ac0d4320340f9a22343e257dd335c4bd1d
MODBIT_CONFLICT f30b1820d3da6f7d6bf06927782311b1ced4367013c62a279623193254b9343e
MODBIT_CONTEXT_DEGRADED be1f12f35d5834e1325f4fef5e9031887d925f61fc7004056deb4ab2c3acbbe6
MODBIT_CONTRACT_VALIDATION_FAILED d522cc88589a04acc7027ad3a44c3efa2d84a0636c3f9eddd6f258f6adb73000
MODBIT_COORDINATION_CONFLICT 558702c9086327f8596924b7d2023557cd8cb01286275d357a27b47f015c20a4
MODBIT_COORDINATION_UNAVAILABLE c83e0ce0065abd555e089f0da33cb08b7bdd29be0aafe7f42388a25250efbdee
MODBIT_DLP_BLOCKED ba2cbfe46c544dc036e43a0c007cfde41178761fdad02ea47e7500306cd37d93
MODBIT_DLP_UNAVAILABLE 3099590a2fa5a019869e2b9f2e1cc9b785f2a46ed5c905e52fe9bef584149dd6
MODBIT_EFFECT_RECONCILIATION_REQUIRED b6db66e9e5644ada6236a91c699457818fedfd21ab3371724ec78a9279b07260
MODBIT_EVIDENCE_MISSING f6aee1a9b77cfcc88ea75cc55d04630bb50ab27cd8a50a730d05fd066c4b3cf0
MODBIT_IDEMPOTENCY_CONFLICT 3fd2b3f214fb3ac1ad6fd334e008080e39b86a87569f65dfad968049c375a800
MODBIT_INTERNAL cb1a77544068df30e1798f3caac91a73d290819ebed22982513e77949a9eff47
MODBIT_INVALID_ARGUMENT 7a092a996e267894b6afbf001a01d289dba9d27c98bfb868c27fafd636741e58
MODBIT_LEASE_EXPIRED 2296335af685e80cc3f23222a9be094740544ebfd9d9615780f4b9e785e1c98e
MODBIT_NOT_FOUND 8f53aafbc3317d102903b11fb861d31cd652eefe4ff21bd666973b5ba1c1a25a
MODBIT_NO_ELIGIBLE_ROUTE d2255d0ff7efcec8947e360ef69f260580c91dfee2dcff2bc5f9202b19aa8a81
MODBIT_PERMISSION_DENIED 956e3ce1a6632f74b0cc30438313b1440d2be315853789801878ff8d616517ad
MODBIT_POLICY_DENIED 084a64b9a4d7ca42dfb8e7ee83a07c5932980e5fc507e85fc9ee68487fc26266
MODBIT_PROVIDER_UNAVAILABLE 053d554f8eb7405c78e075bc623aa93d128a5962b6445ed42d998db0a9ca9f0e
MODBIT_RATE_LIMITED 6859f169d2a53e8131fc113cd865e8af80bdbe1a3092a9d959e380da6b9431ef
MODBIT_REVERSION_INCOMPLETE fa0513e188d425de3ec60d3ee51779642a27a66dfa4f4fc774b1da5498c6ff3a
MODBIT_RUN_NOT_FOUND c3c020dacfc871818218fb9db15b124efc6659f4c8a0fd70b5110695cac42dd1
MODBIT_RUN_STATE_INVALID f15dfc15cd114537dd6b5c28004c7907bdf06b2b9723beafa184be7d41d797eb
MODBIT_SANDBOX_UNAVAILABLE ee3268ec16b495fa1e03f61db8c35c6a3354070e41e9a4b0c0a2cfdf57df05e0
MODBIT_SEQUENCE_CONFLICT 21608e9f21225b48cc50e491e2d78c28adc9385a6a96bb218ee27788ec543a20
MODBIT_SETTING_INVALID cf74e19dbb2e8cae7474678f33b1ee7d2a084106576d497d2c238cc38c353d0d
MODBIT_SETTING_LOCKED ef799bf586ae85308b0c1b19661ee22ab08cb16c630e7d65a18e838b6b84acbf
MODBIT_SETTING_POLICY_VIOLATION 1f4d69611b1b6fb0dee06cfae4b13e1bc489c1dbfe1349308602aedf08274804
MODBIT_SETTING_UNKNOWN 2ea50f8a5f3573f53d20d2082b29be57823476d621d7fc615e207b0e84071f51
MODBIT_SNAPSHOT_DIVERGED 42c60d0770b9ae71edae3812db82ef65d2a49384c89c920bbbec6f6270400bb2
MODBIT_SUPERSEDED c625d73023f8e5cb6bfdd7b0c2d3c2eab181fab956332af8e51bcd2a8369c779
MODBIT_TAINT_ESCALATION_REQUIRED 6758a58200fb78192d5b44079ef85a4185ee63aa4e5597105cc3070f4c278628
MODBIT_TENANT_MISMATCH 378bb25a29d6fefc81c1930b235c3747cc4c0c739fa7ecb893860198b44eca84
MODBIT_TIMEOUT f4f0d65dbff5b2ad549c3b9ba31702edb871c3baac66756fe8a62eeb1f393cc6
MODBIT_TRANSITION_LEASE_HELD 8f680e3a96d63cba931511f74b9559634d9b79cbd8d4f5f8abe0c3eca2c79f9d
MODBIT_UNAUTHENTICATED 8aa3e2e5f8839e1de1453b14428a1c309c8bef7bbb6ee0eb7266a774ebca33be
MODBIT_UNAVAILABLE ea29d195034660c16f11337b419dc50d4a01ba1e4640f56f2d9d27c9a28df26c
MODBIT_UNSUPPORTED_VERSION 83b5f1a4ea965d191df00dccfb28a2f1590eb6fb1766fe0d04b4737249c8b921
MODBIT_WORKER_UNAVAILABLE 826964718a5b437578178a4d400bac29917cf4c2ee929cc2b46fa4d1a69a943e
